# This file is automatically @generated by Poetry 1.8.5 and should not be changed by hand.

[[package]]
name = "antlr4-python3-runtime"
version = "4.13.2"
description = "ANTLR 4.13.2 runtime for Python 3"
optional = false
python-versions = "*"
files = [
    {file = "antlr4_python3_runtime-4.13.2-py3-none-any.whl", hash = "sha256:fe3835eb8d33daece0e799090eda89719dbccee7aa39ef94eed3818cafa5a7e8"},
    {file = "antlr4_python3_runtime-4.13.2.tar.gz", hash = "sha256:909b647e1d2fc2b70180ac586df3933e38919c85f98ccc656a96cd3f25ef3916"},
]

[[package]]
name = "antlr4-tools"
version = "0.2.1"
description = "Tools to run ANTLR4 tool and grammar interpreter/profiler"
optional = false
python-versions = "*"
files = [
    {file = "antlr4-tools-0.2.1.tar.gz", hash = "sha256:eabad95c7d6b2e15b9875f630e6695395f90ed557721aeef7844d5821ac1ca6a"},
    {file = "antlr4_tools-0.2.1-py3-none-any.whl", hash = "sha256:71bfe6d5f856cbf69e69c4ad1750eb8f2c84e72b07780efabced6a8e5194f2e4"},
]

[package.dependencies]
install-jdk = "*"

[[package]]
name = "install-jdk"
version = "1.1.0"
description = "install-jdk allows you to easily install latest Java OpenJDK version. Supports OpenJDK builds from Adoptium (previously AdoptOpenJDK), Corretto, and Zulu. Simplify your Java development with the latest OpenJDK builds."
optional = false
python-versions = ">=3.6,<4.0"
files = [
    {file = "install_jdk-1.1.0-py3-none-any.whl", hash = "sha256:b63f0fcd63f7abab3443d4120ba92716397753b8a8ea3c85762a629925a9936e"},
    {file = "install_jdk-1.1.0.tar.gz", hash = "sha256:2bfd53caf660e4916df0215a5715519dcb9547fa2a5f07421fd97a8046851eaa"},
]

[metadata]
lock-version = "2.0"
python-versions = "^3.12"
content-hash = "97494060145181c85e63bb49dee1585cb7b3b0426e8db1ad9eb63251381d2765"
